PODS:
  - Alamofire (4.9.1)
  - AlamofireImage (3.6.0):
    - Alamofire (~> 4.9)
  - Google-Maps-iOS-Utils (3.1.4):
    - Google-Maps-iOS-Utils/Clustering (= 3.1.4)
    - Google-Maps-iOS-Utils/Geometry (= 3.1.4)
    - Google-Maps-iOS-Utils/Heatmap (= 3.1.4)
    - Google-Maps-iOS-Utils/QuadTree (= 3.1.4)
    - GoogleMaps
  - Google-Maps-iOS-Utils/Clustering (3.1.4):
    - Google-Maps-iOS-Utils/QuadTree
    - GoogleMaps
  - Google-Maps-iOS-Utils/Geometry (3.1.4):
    - GoogleMaps
  - Google-Maps-iOS-Utils/Heatmap (3.1.4):
    - Google-Maps-iOS-Utils/QuadTree
    - GoogleMaps
  - Google-Maps-iOS-Utils/QuadTree (3.1.4):
    - GoogleMaps
  - GoogleMaps (3.8.2):
    - GoogleMaps/Maps (= 3.8.2)
  - GoogleMaps/Base (3.8.2)
  - GoogleMaps/Maps (3.8.2):
    - GoogleMaps/Base
  - ImageSlideshow (1.8.3):
    - ImageSlideshow/Core (= 1.8.3)
  - ImageSlideshow/Alamofire (1.8.3):
    - AlamofireImage (~> 3.0)
    - ImageSlideshow/Core
  - ImageSlideshow/Core (1.8.3)
  - MSCircularSlider (1.3.2)

DEPENDENCIES:
  - Alamofire
  - Google-Maps-iOS-Utils
  - ImageSlideshow
  - ImageSlideshow/Alamofire
  - MSCircularSlider

SPEC REPOS:
  trunk:
    - Alamofire
    - AlamofireImage
    - Google-Maps-iOS-Utils
    - GoogleMaps
    - ImageSlideshow
    - MSCircularSlider

SPEC CHECKSUMS:
  Alamofire: 85e8a02c69d6020a0d734f6054870d7ecb75cf18
  AlamofireImage: be9963c6582d68b39e89191f64c82a7d7bf40fdd
  Google-Maps-iOS-Utils: 1e51ca272b4f4befdf3577bf46f58c22ef22062c
  GoogleMaps: ae0efe10e9c40bcd9decd0c9fd53d947af7801a3
  ImageSlideshow: 4694d7d699a1549582e7cc631fb392d8f91630f3
  MSCircularSlider: 07fe922e6a7e05fb67e876d449e365327fdad3d1

PODFILE CHECKSUM: 3067a2f25541fdd5d2d3ea54818ef40ec84f2bcc

COCOAPODS: 1.8.4
